{
    "_readme": [
        "This file locks the dependencies of your project to a known state",
        "Read more about it at https://getcomposer.org/doc/01-basic-usage.md#composer-lock-the-lock-file",
        "This file is @generated automatically"
    ],
    "hash": "9070be2a967a3ff9d093d1429fb27314",
    "packages": [
        {
            "name": "symfony/options-resolver",
            "version": "2.8.x-dev",
            "source": {
                "type": "git",
                "url": "https://github.com/symfony/OptionsResolver.git",
                "reference": "7b4b8b8644069f105afa4bb48d7c113ed3d7a2f8"
            },
            "dist": {
                "type": "zip",
                "url": "https://api.github.com/repos/symfony/OptionsResolver/zipball/7b4b8b8644069f105afa4bb48d7c113ed3d7a2f8",
                "reference": "7b4b8b8644069f105afa4bb48d7c113ed3d7a2f8",
                "shasum": ""
            },
            "require": {
                "php": ">=5.3.9"
            },
            "require-dev": {
                "symfony/phpunit-bridge": "~2.7|~3.0.0"
            },
            "type": "library",
            "extra": {
                "branch-alias": {
                    "dev-master": "2.8-dev"
                }
            },
            "autoload": {
                "psr-4": {
                    "Symfony\\Component\\OptionsResolver\\": ""
                }
            },
            "notification-url": "https://packagist.org/downloads/",
            "license": [
                "MIT"
            ],
            "authors": [
                {
                    "name": "Fabien Potencier",
                    "email": "fabien@symfony.com"
                },
                {
                    "name": "Symfony Community",
                    "homepage": "https://symfony.com/contributors"
                }
            ],
            "description": "Symfony OptionsResolver Component",
            "homepage": "https://symfony.com",
            "keywords": [
                "config",
                "configuration",
                "options"
            ],
            "time": "2015-06-19 15:09:14"
        },
        {
            "name": "symfony/property-access",
            "version": "2.8.x-dev",
            "source": {
                "type": "git",
                "url": "https://github.com/symfony/PropertyAccess.git",
                "reference": "75711abe9bd7c50897046e261fea35499bd3129c"
            },
            "dist": {
                "type": "zip",
                "url": "https://api.github.com/repos/symfony/PropertyAccess/zipball/75711abe9bd7c50897046e261fea35499bd3129c",
                "reference": "75711abe9bd7c50897046e261fea35499bd3129c",
                "shasum": ""
            },
            "require": {
                "php": ">=5.3.9"
            },
            "require-dev": {
                "symfony/phpunit-bridge": "~2.7|~3.0.0"
            },
            "type": "library",
            "extra": {
                "branch-alias": {
                    "dev-master": "2.8-dev"
                }
            },
            "autoload": {
                "psr-4": {
                    "Symfony\\Component\\PropertyAccess\\": ""
                }
            },
            "notification-url": "https://packagist.org/downloads/",
            "license": [
                "MIT"
            ],
            "authors": [
                {
                    "name": "Fabien Potencier",
                    "email": "fabien@symfony.com"
                },
                {
                    "name": "Symfony Community",
                    "homepage": "https://symfony.com/contributors"
                }
            ],
            "description": "Symfony PropertyAccess Component",
            "homepage": "https://symfony.com",
            "keywords": [
                "access",
                "array",
                "extraction",
                "index",
                "injection",
                "object",
                "property",
                "property path",
                "reflection"
            ],
            "time": "2015-06-18 16:14:27"
        }
    ],
    "packages-dev": [
        {
            "name": "doctrine/annotations",
            "version": "dev-master",
            "source": {
                "type": "git",
                "url": "https://github.com/doctrine/annotations.git",
                "reference": "f4a91702ca3cd2e568c3736aa031ed00c3752af4"
            },
            "dist": {
                "type": "zip",
                "url": "https://api.github.com/repos/doctrine/annotations/zipball/f4a91702ca3cd2e568c3736aa031ed00c3752af4",
                "reference": "f4a91702ca3cd2e568c3736aa031ed00c3752af4",
                "shasum": ""
            },
            "require": {
                "doctrine/lexer": "1.*",
                "php": ">=5.3.2"
            },
            "require-dev": {
                "doctrine/cache": "1.*",
                "phpunit/phpunit": "4.*"
            },
            "type": "library",
            "extra": {
                "branch-alias": {
                    "dev-master": "1.3.x-dev"
                }
            },
            "autoload": {
                "psr-0": {
                    "Doctrine\\Common\\Annotations\\": "lib/"
                }
            },
            "notification-url": "https://packagist.org/downloads/",
            "license": [
                "MIT"
            ],
            "authors": [
                {
                    "name": "Roman Borschel",
                    "email": "roman@code-factory.org"
                },
                {
                    "name": "Benjamin Eberlei",
                    "email": "kontakt@beberlei.de"
                },
                {
                    "name": "Guilherme Blanco",
                    "email": "guilhermeblanco@gmail.com"
                },
                {
                    "name": "Jonathan Wage",
                    "email": "jonwage@gmail.com"
                },
                {
                    "name": "Johannes Schmitt",
                    "email": "schmittjoh@gmail.com"
                }
            ],
            "description": "Docblock Annotations Parser",
            "homepage": "http://www.doctrine-project.org",
            "keywords": [
                "annotations",
                "docblock",
                "parser"
            ],
            "time": "2015-06-17 12:21:22"
        },
        {
            "name": "doctrine/lexer",
            "version": "dev-master",
            "source": {
                "type": "git",
                "url": "https://github.com/doctrine/lexer.git",
                "reference": "83893c552fd2045dd78aef794c31e694c37c0b8c"
            },
            "dist": {
                "type": "zip",
                "url": "https://api.github.com/repos/doctrine/lexer/zipball/83893c552fd2045dd78aef794c31e694c37c0b8c",
                "reference": "83893c552fd2045dd78aef794c31e694c37c0b8c",
                "shasum": ""
            },
            "require": {
                "php": ">=5.3.2"
            },
            "type": "library",
            "extra": {
                "branch-alias": {
                    "dev-master": "1.0.x-dev"
                }
            },
            "autoload": {
                "psr-0": {
                    "Doctrine\\Common\\Lexer\\": "lib/"
                }
            },
            "notification-url": "https://packagist.org/downloads/",
            "license": [
                "MIT"
            ],
            "authors": [
                {
                    "name": "Roman Borschel",
                    "email": "roman@code-factory.org"
                },
                {
                    "name": "Guilherme Blanco",
                    "email": "guilhermeblanco@gmail.com"
                },
                {
                    "name": "Johannes Schmitt",
                    "email": "schmittjoh@gmail.com"
                }
            ],
            "description": "Base library for a lexer that can be used in Top-Down, Recursive Descent Parsers.",
            "homepage": "http://www.doctrine-project.org",
            "keywords": [
                "lexer",
                "parser"
            ],
            "time": "2014-09-09 13:34:57"
        },
        {
            "name": "phpoffice/phpexcel",
            "version": "1.9.x-dev",
            "source": {
                "type": "git",
                "url": "https://github.com/PHPOffice/PHPExcel.git",
                "reference": "ed087dd396a42da9c8deca6095c7e6c2b2815b75"
            },
            "dist": {
                "type": "zip",
                "url": "https://api.github.com/repos/PHPOffice/PHPExcel/zipball/ed087dd396a42da9c8deca6095c7e6c2b2815b75",
                "reference": "ed087dd396a42da9c8deca6095c7e6c2b2815b75",
                "shasum": ""
            },
            "require": {
                "ext-xml": "*",
                "ext-xmlwriter": "*",
                "php": ">=5.4.0"
            },
            "require-dev": {
                "mikey179/vfsstream": "1.5.*",
                "phpunit/phpunit": "4.6.*",
                "squizlabs/php_codesniffer": "2.*"
            },
            "suggest": {
                "dompdf/dompdf": "Option for rendering PDF with PDF Writer",
                "ext-gd2": "*",
                "ext-zip": "*",
                "jpgraph/jpgraph": "Option for rendering charts, or including charts with PDF or HTML Writers",
                "mpdf/mpdf": "Option for rendering PDF with PDF Writer",
                "tecnick.com/tcpdf": "Option for rendering PDF with PDF Writer"
            },
            "type": "library",
            "autoload": {
                "psr-4": {
                    "PHPExcel\\": "src/PhpSpreadsheet"
                }
            },
            "notification-url": "https://packagist.org/downloads/",
            "license": [
                "LGPL-2.1"
            ],
            "authors": [
                {
                    "name": "Maarten Balliauw",
                    "homepage": "http://blog.maartenballiauw.be"
                },
                {
                    "name": "Mark Baker"
                },
                {
                    "name": "Erik Tilt"
                },
                {
                    "name": "Franck Lefevre",
                    "homepage": "http://rootslabs.net"
                }
            ],
            "description": "PHPExcel - OpenXML - Read, Create and Write Spreadsheet documents in PHP - Spreadsheet engine",
            "homepage": "http://phpexcel.codeplex.com",
            "keywords": [
                "OpenXML",
                "excel",
                "php",
                "spreadsheet",
                "xls",
                "xlsx"
            ],
            "time": "2015-06-03 07:21:50"
        },
        {
            "name": "psr/log",
            "version": "dev-master",
            "source": {
                "type": "git",
                "url": "https://github.com/php-fig/log.git",
                "reference": "9e45edca52cc9c954680072c93e621f8b71fab26"
            },
            "dist": {
                "type": "zip",
                "url": "https://api.github.com/repos/php-fig/log/zipball/9e45edca52cc9c954680072c93e621f8b71fab26",
                "reference": "9e45edca52cc9c954680072c93e621f8b71fab26",
                "shasum": ""
            },
            "require": {
                "php": ">=5.3.0"
            },
            "type": "library",
            "extra": {
                "branch-alias": {
                    "dev-master": "1.0.x-dev"
                }
            },
            "autoload": {
                "psr-4": {
                    "Psr\\Log\\": "Psr/Log/"
                }
            },
            "notification-url": "https://packagist.org/downloads/",
            "license": [
                "MIT"
            ],
            "authors": [
                {
                    "name": "PHP-FIG",
                    "homepage": "http://www.php-fig.org/"
                }
            ],
            "description": "Common interface for logging libraries",
            "keywords": [
                "log",
                "psr",
                "psr-3"
            ],
            "time": "2015-06-02 13:48:41"
        },
        {
            "name": "symfony/asset",
            "version": "dev-master",
            "source": {
                "type": "git",
                "url": "https://github.com/symfony/asset.git",
                "reference": "217f2479852eba3ec890907da296a7ca460725e0"
            },
            "dist": {
                "type": "zip",
                "url": "https://api.github.com/repos/symfony/asset/zipball/217f2479852eba3ec890907da296a7ca460725e0",
                "reference": "217f2479852eba3ec890907da296a7ca460725e0",
                "shasum": ""
            },
            "require": {
                "php": ">=5.3.3"
            },
            "require-dev": {
                "symfony/http-foundation": "~2.8|~3.0",
                "symfony/phpunit-bridge": "~2.8|~3.0"
            },
            "suggest": {
                "symfony/http-foundation": ""
            },
            "type": "library",
            "extra": {
                "branch-alias": {
                    "dev-master": "3.0-dev"
                }
            },
            "autoload": {
                "psr-4": {
                    "Symfony\\Component\\Asset\\": ""
                }
            },
            "notification-url": "https://packagist.org/downloads/",
            "license": [
                "MIT"
            ],
            "authors": [
                {
                    "name": "Fabien Potencier",
                    "email": "fabien@symfony.com"
                },
                {
                    "name": "Symfony Community",
                    "homepage": "https://symfony.com/contributors"
                }
            ],
            "description": "Symfony Asset Component",
            "homepage": "https://symfony.com",
            "time": "2015-05-12 15:48:43"
        },
        {
            "name": "symfony/config",
            "version": "2.8.x-dev",
            "source": {
                "type": "git",
                "url": "https://github.com/symfony/Config.git",
                "reference": "b857230e15135537376aa4d844c6680a76642db7"
            },
            "dist": {
                "type": "zip",
                "url": "https://api.github.com/repos/symfony/Config/zipball/b857230e15135537376aa4d844c6680a76642db7",
                "reference": "b857230e15135537376aa4d844c6680a76642db7",
                "shasum": ""
            },
            "require": {
                "php": ">=5.3.9",
                "symfony/filesystem": "~2.3|~3.0.0"
            },
            "require-dev": {
                "symfony/phpunit-bridge": "~2.7|~3.0.0"
            },
            "type": "library",
            "extra": {
                "branch-alias": {
                    "dev-master": "2.8-dev"
                }
            },
            "autoload": {
                "psr-4": {
                    "Symfony\\Component\\Config\\": ""
                }
            },
            "notification-url": "https://packagist.org/downloads/",
            "license": [
                "MIT"
            ],
            "authors": [
                {
                    "name": "Fabien Potencier",
                    "email": "fabien@symfony.com"
                },
                {
                    "name": "Symfony Community",
                    "homepage": "https://symfony.com/contributors"
                }
            ],
            "description": "Symfony Config Component",
            "homepage": "https://symfony.com",
            "time": "2015-06-18 16:14:27"
        },
        {
            "name": "symfony/debug",
            "version": "dev-master",
            "source": {
                "type": "git",
                "url": "https://github.com/symfony/Debug.git",
                "reference": "7e5b5f919096c720167ac5a753a8604e2a9f02db"
            },
            "dist": {
                "type": "zip",
                "url": "https://api.github.com/repos/symfony/Debug/zipball/7e5b5f919096c720167ac5a753a8604e2a9f02db",
                "reference": "7e5b5f919096c720167ac5a753a8604e2a9f02db",
                "shasum": ""
            },
            "require": {
                "php": ">=5.5.9",
                "psr/log": "~1.0"
            },
            "conflict": {
                "symfony/http-kernel": ">=2.3,<2.3.24|~2.4.0|>=2.5,<2.5.9|>=2.6,<2.6.2"
            },
            "require-dev": {
                "symfony/class-loader": "~2.8|~3.0",
                "symfony/http-foundation": "~2.8|~3.0",
                "symfony/http-kernel": "~2.8|~3.0",
                "symfony/phpunit-bridge": "~2.8|~3.0"
            },
            "suggest": {
                "symfony/http-foundation": "",
                "symfony/http-kernel": ""
            },
            "type": "library",
            "extra": {
                "branch-alias": {
                    "dev-master": "3.0-dev"
                }
            },
            "autoload": {
                "psr-4": {
                    "Symfony\\Component\\Debug\\": ""
                }
            },
            "notification-url": "https://packagist.org/downloads/",
            "license": [
                "MIT"
            ],
            "authors": [
                {
                    "name": "Fabien Potencier",
                    "email": "fabien@symfony.com"
                },
                {
                    "name": "Symfony Community",
                    "homepage": "https://symfony.com/contributors"
                }
            ],
            "description": "Symfony Debug Component",
            "homepage": "https://symfony.com",
            "time": "2015-06-19 15:19:52"
        },
        {
            "name": "symfony/dependency-injection",
            "version": "2.8.x-dev",
            "source": {
                "type": "git",
                "url": "https://github.com/symfony/DependencyInjection.git",
                "reference": "844a92ba4b7fd595f3e14c2f7bad16b1ac69aeee"
            },
            "dist": {
                "type": "zip",
                "url": "https://api.github.com/repos/symfony/DependencyInjection/zipball/844a92ba4b7fd595f3e14c2f7bad16b1ac69aeee",
                "reference": "844a92ba4b7fd595f3e14c2f7bad16b1ac69aeee",
                "shasum": ""
            },
            "require": {
                "php": ">=5.3.9"
            },
            "conflict": {
                "symfony/expression-language": "<2.6"
            },
            "require-dev": {
                "symfony/config": "~2.2|~3.0.0",
                "symfony/expression-language": "~2.6|~3.0.0",
                "symfony/phpunit-bridge": "~2.7|~3.0.0",
                "symfony/yaml": "~2.1|~3.0.0"
            },
            "suggest": {
                "symfony/config": "",
                "symfony/proxy-manager-bridge": "Generate service proxies to lazy load them",
                "symfony/yaml": ""
            },
            "type": "library",
            "extra": {
                "branch-alias": {
                    "dev-master": "2.8-dev"
                }
            },
            "autoload": {
                "psr-4": {
                    "Symfony\\Component\\DependencyInjection\\": ""
                }
            },
            "notification-url": "https://packagist.org/downloads/",
            "license": [
                "MIT"
            ],
            "authors": [
                {
                    "name": "Fabien Potencier",
                    "email": "fabien@symfony.com"
                },
                {
                    "name": "Symfony Community",
                    "homepage": "https://symfony.com/contributors"
                }
            ],
            "description": "Symfony DependencyInjection Component",
            "homepage": "https://symfony.com",
            "time": "2015-06-26 14:42:48"
        },
        {
            "name": "symfony/event-dispatcher",
            "version": "dev-master",
            "source": {
                "type": "git",
                "url": "https://github.com/symfony/EventDispatcher.git",
                "reference": "f991afd968ea05582bae203754d761714598d018"
            },
            "dist": {
                "type": "zip",
                "url": "https://api.github.com/repos/symfony/EventDispatcher/zipball/f991afd968ea05582bae203754d761714598d018",
                "reference": "f991afd968ea05582bae203754d761714598d018",
                "shasum": ""
            },
            "require": {
                "php": ">=5.5.9"
            },
            "require-dev": {
                "psr/log": "~1.0",
                "symfony/config": "~2.8|~3.0",
                "symfony/dependency-injection": "~2.8|~3.0",
                "symfony/expression-language": "~2.8|~3.0",
                "symfony/phpunit-bridge": "~2.8|~3.0",
                "symfony/stopwatch": "~2.8|~3.0"
            },
            "suggest": {
                "symfony/dependency-injection": "",
                "symfony/http-kernel": ""
            },
            "type": "library",
            "extra": {
                "branch-alias": {
                    "dev-master": "3.0-dev"
                }
            },
            "autoload": {
                "psr-4": {
                    "Symfony\\Component\\EventDispatcher\\": ""
                }
            },
            "notification-url": "https://packagist.org/downloads/",
            "license": [
                "MIT"
            ],
            "authors": [
                {
                    "name": "Fabien Potencier",
                    "email": "fabien@symfony.com"
                },
                {
                    "name": "Symfony Community",
                    "homepage": "https://symfony.com/contributors"
                }
            ],
            "description": "Symfony EventDispatcher Component",
            "homepage": "https://symfony.com",
            "time": "2015-05-12 15:48:43"
        },
        {
            "name": "symfony/filesystem",
            "version": "dev-master",
            "source": {
                "type": "git",
                "url": "https://github.com/symfony/Filesystem.git",
                "reference": "24fc9ecf8ed33772e0744397ba976cae95240a3b"
            },
            "dist": {
                "type": "zip",
                "url": "https://api.github.com/repos/symfony/Filesystem/zipball/24fc9ecf8ed33772e0744397ba976cae95240a3b",
                "reference": "24fc9ecf8ed33772e0744397ba976cae95240a3b",
                "shasum": ""
            },
            "require": {
                "php": ">=5.5.9"
            },
            "require-dev": {
                "symfony/phpunit-bridge": "~2.8|~3.0"
            },
            "type": "library",
            "extra": {
                "branch-alias": {
                    "dev-master": "3.0-dev"
                }
            },
            "autoload": {
                "psr-4": {
                    "Symfony\\Component\\Filesystem\\": ""
                }
            },
            "notification-url": "https://packagist.org/downloads/",
            "license": [
                "MIT"
            ],
            "authors": [
                {
                    "name": "Fabien Potencier",
                    "email": "fabien@symfony.com"
                },
                {
                    "name": "Symfony Community",
                    "homepage": "https://symfony.com/contributors"
                }
            ],
            "description": "Symfony Filesystem Component",
            "homepage": "https://symfony.com",
            "time": "2015-06-18 16:25:07"
        },
        {
            "name": "symfony/framework-bundle",
            "version": "2.8.x-dev",
            "source": {
                "type": "git",
                "url": "https://github.com/symfony/FrameworkBundle.git",
                "reference": "447d05bfa6486f80d17d9af5d613e2cadb6c6dfd"
            },
            "dist": {
                "type": "zip",
                "url": "https://api.github.com/repos/symfony/FrameworkBundle/zipball/447d05bfa6486f80d17d9af5d613e2cadb6c6dfd",
                "reference": "447d05bfa6486f80d17d9af5d613e2cadb6c6dfd",
                "shasum": ""
            },
            "require": {
                "doctrine/annotations": "~1.0",
                "php": ">=5.3.9",
                "symfony/asset": "~2.7|~3.0.0",
                "symfony/config": "~2.4",
                "symfony/dependency-injection": "~2.8",
                "symfony/event-dispatcher": "~2.5|~3.0.0",
                "symfony/filesystem": "~2.3|~3.0.0",
                "symfony/http-foundation": "~2.4.9|~2.5,>=2.5.4|~3.0.0",
                "symfony/http-kernel": "~2.7|~3.0.0",
                "symfony/routing": "~2.6,>2.6.4|~3.0.0",
                "symfony/security-core": "~2.6|~3.0.0",
                "symfony/security-csrf": "~2.6|~3.0.0",
                "symfony/stopwatch": "~2.3|~3.0.0",
                "symfony/templating": "~2.1|~3.0.0",
                "symfony/translation": "~2.7|~3.0.0"
            },
            "require-dev": {
                "symfony/browser-kit": "~2.4|~3.0.0",
                "symfony/class-loader": "~2.1|~3.0.0",
                "symfony/console": "~2.7|~3.0.0",
                "symfony/css-selector": "~2.0,>=2.0.5|~3.0.0",
                "symfony/dom-crawler": "~2.0,>=2.0.5|~3.0.0",
                "symfony/expression-language": "~2.6|~3.0.0",
                "symfony/finder": "~2.0,>=2.0.5|~3.0.0",
                "symfony/form": "~2.8|~3.0.0",
                "symfony/intl": "~2.3|~3.0.0",
                "symfony/phpunit-bridge": "~2.7|~3.0.0",
                "symfony/process": "~2.0,>=2.0.5|~3.0.0",
                "symfony/security": "~2.6|~3.0.0",
                "symfony/validator": "~2.5|~3.0.0",
                "symfony/yaml": "~2.0,>=2.0.5|~3.0.0"
            },
            "suggest": {
                "doctrine/cache": "For using alternative cache drivers",
                "symfony/console": "For using the console commands",
                "symfony/finder": "For using the translation loader and cache warmer",
                "symfony/form": "For using forms",
                "symfony/validator": "For using validation",
                "symfony/yaml": "For using the debug:config and lint:yaml commands"
            },
            "type": "symfony-bundle",
            "extra": {
                "branch-alias": {
                    "dev-master": "2.8-dev"
                }
            },
            "autoload": {
                "psr-4": {
                    "Symfony\\Bundle\\FrameworkBundle\\": ""
                }
            },
            "notification-url": "https://packagist.org/downloads/",
            "license": [
                "MIT"
            ],
            "authors": [
                {
                    "name": "Fabien Potencier",
                    "email": "fabien@symfony.com"
                },
                {
                    "name": "Symfony Community",
                    "homepage": "https://symfony.com/contributors"
                }
            ],
            "description": "Symfony FrameworkBundle",
            "homepage": "https://symfony.com",
            "time": "2015-06-24 15:32:32"
        },
        {
            "name": "symfony/http-foundation",
            "version": "dev-master",
            "source": {
                "type": "git",
                "url": "https://github.com/symfony/HttpFoundation.git",
                "reference": "59efcda25846686a3d30ef5430aafd93530c91ee"
            },
            "dist": {
                "type": "zip",
                "url": "https://api.github.com/repos/symfony/HttpFoundation/zipball/59efcda25846686a3d30ef5430aafd93530c91ee",
                "reference": "59efcda25846686a3d30ef5430aafd93530c91ee",
                "shasum": ""
            },
            "require": {
                "php": ">=5.5.9"
            },
            "require-dev": {
                "symfony/expression-language": "~2.8|~3.0",
                "symfony/phpunit-bridge": "~2.8|~3.0"
            },
            "type": "library",
            "extra": {
                "branch-alias": {
                    "dev-master": "3.0-dev"
                }
            },
            "autoload": {
                "psr-4": {
                    "Symfony\\Component\\HttpFoundation\\": ""
                },
                "classmap": [
                    "Resources/stubs"
                ]
            },
            "notification-url": "https://packagist.org/downloads/",
            "license": [
                "MIT"
            ],
            "authors": [
                {
                    "name": "Fabien Potencier",
                    "email": "fabien@symfony.com"
                },
                {
                    "name": "Symfony Community",
                    "homepage": "https://symfony.com/contributors"
                }
            ],
            "description": "Symfony HttpFoundation Component",
            "homepage": "https://symfony.com",
            "time": "2015-06-18 16:25:07"
        },
        {
            "name": "symfony/http-kernel",
            "version": "dev-master",
            "source": {
                "type": "git",
                "url": "https://github.com/symfony/HttpKernel.git",
                "reference": "c0b7bcee7f3a7a6f8f6878517e0982fc36472aeb"
            },
            "dist": {
                "type": "zip",
                "url": "https://api.github.com/repos/symfony/HttpKernel/zipball/c0b7bcee7f3a7a6f8f6878517e0982fc36472aeb",
                "reference": "c0b7bcee7f3a7a6f8f6878517e0982fc36472aeb",
                "shasum": ""
            },
            "require": {
                "php": ">=5.5.9",
                "psr/log": "~1.0",
                "symfony/debug": "~2.8|~3.0",
                "symfony/event-dispatcher": "~2.8|~3.0",
                "symfony/http-foundation": "~2.8|~3.0"
            },
            "conflict": {
                "symfony/config": "<2.8"
            },
            "require-dev": {
                "symfony/browser-kit": "~2.8|~3.0",
                "symfony/class-loader": "~2.8|~3.0",
                "symfony/config": "~2.8|~3.0",
                "symfony/console": "~2.8|~3.0",
                "symfony/css-selector": "~2.8|~3.0",
                "symfony/dependency-injection": "~2.8|~3.0",
                "symfony/dom-crawler": "~2.8|~3.0",
                "symfony/expression-language": "~2.8|~3.0",
                "symfony/finder": "~2.8|~3.0",
                "symfony/phpunit-bridge": "~2.8|~3.0",
                "symfony/process": "~2.8|~3.0",
                "symfony/routing": "~2.8|~3.0",
                "symfony/stopwatch": "~2.8|~3.0",
                "symfony/templating": "~2.8|~3.0",
                "symfony/translation": "~2.8|~3.0",
                "symfony/var-dumper": "~2.8|~3.0"
            },
            "suggest": {
                "symfony/browser-kit": "",
                "symfony/class-loader": "",
                "symfony/config": "",
                "symfony/console": "",
                "symfony/dependency-injection": "",
                "symfony/finder": "",
                "symfony/var-dumper": ""
            },
            "type": "library",
            "extra": {
                "branch-alias": {
                    "dev-master": "3.0-dev"
                }
            },
            "autoload": {
                "psr-4": {
                    "Symfony\\Component\\HttpKernel\\": ""
                }
            },
            "notification-url": "https://packagist.org/downloads/",
            "license": [
                "MIT"
            ],
            "authors": [
                {
                    "name": "Fabien Potencier",
                    "email": "fabien@symfony.com"
                },
                {
                    "name": "Symfony Community",
                    "homepage": "https://symfony.com/contributors"
                }
            ],
            "description": "Symfony HttpKernel Component",
            "homepage": "https://symfony.com",
            "time": "2015-06-18 16:25:07"
        },
        {
            "name": "symfony/routing",
            "version": "dev-master",
            "source": {
                "type": "git",
                "url": "https://github.com/symfony/Routing.git",
                "reference": "9d80a3b4361fb240ec5428c18a1cfea1813b507c"
            },
            "dist": {
                "type": "zip",
                "url": "https://api.github.com/repos/symfony/Routing/zipball/9d80a3b4361fb240ec5428c18a1cfea1813b507c",
                "reference": "9d80a3b4361fb240ec5428c18a1cfea1813b507c",
                "shasum": ""
            },
            "require": {
                "php": ">=5.5.9"
            },
            "conflict": {
                "symfony/config": "<2.8"
            },
            "require-dev": {
                "doctrine/annotations": "~1.0",
                "doctrine/common": "~2.2",
                "psr/log": "~1.0",
                "symfony/config": "~2.8|~3.0",
                "symfony/expression-language": "~2.8|~3.0",
                "symfony/http-foundation": "~2.8|~3.0",
                "symfony/phpunit-bridge": "~2.8|~3.0",
                "symfony/yaml": "~2.8|~3.0"
            },
            "suggest": {
                "doctrine/annotations": "For using the annotation loader",
                "symfony/config": "For using the all-in-one router or any loader",
                "symfony/expression-language": "For using expression matching",
                "symfony/yaml": "For using the YAML loader"
            },
            "type": "library",
            "extra": {
                "branch-alias": {
                    "dev-master": "3.0-dev"
                }
            },
            "autoload": {
                "psr-4": {
                    "Symfony\\Component\\Routing\\": ""
                }
            },
            "notification-url": "https://packagist.org/downloads/",
            "license": [
                "MIT"
            ],
            "authors": [
                {
                    "name": "Fabien Potencier",
                    "email": "fabien@symfony.com"
                },
                {
                    "name": "Symfony Community",
                    "homepage": "https://symfony.com/contributors"
                }
            ],
            "description": "Symfony Routing Component",
            "homepage": "https://symfony.com",
            "keywords": [
                "router",
                "routing",
                "uri",
                "url"
            ],
            "time": "2015-06-18 16:25:07"
        },
        {
            "name": "symfony/security-core",
            "version": "dev-master",
            "source": {
                "type": "git",
                "url": "https://github.com/symfony/security-core.git",
                "reference": "55295a4dc353a3350ebe43495b36222e025f5969"
            },
            "dist": {
                "type": "zip",
                "url": "https://api.github.com/repos/symfony/security-core/zipball/55295a4dc353a3350ebe43495b36222e025f5969",
                "reference": "55295a4dc353a3350ebe43495b36222e025f5969",
                "shasum": ""
            },
            "require": {
                "php": ">=5.5.9"
            },
            "require-dev": {
                "psr/log": "~1.0",
                "symfony/event-dispatcher": "~2.8|~3.0",
                "symfony/expression-language": "~2.8|~3.0",
                "symfony/http-foundation": "~2.8|~3.0",
                "symfony/phpunit-bridge": "~2.8|~3.0",
                "symfony/translation": "~2.8|~3.0",
                "symfony/validator": "~2.8|~3.0"
            },
            "suggest": {
                "symfony/event-dispatcher": "",
                "symfony/expression-language": "For using the expression voter",
                "symfony/http-foundation": "",
                "symfony/validator": "For using the user password constraint"
            },
            "type": "library",
            "extra": {
                "branch-alias": {
                    "dev-master": "3.0-dev"
                }
            },
            "autoload": {
                "psr-4": {
                    "Symfony\\Component\\Security\\Core\\": ""
                }
            },
            "notification-url": "https://packagist.org/downloads/",
            "license": [
                "MIT"
            ],
            "authors": [
                {
                    "name": "Fabien Potencier",
                    "email": "fabien@symfony.com"
                },
                {
                    "name": "Symfony Community",
                    "homepage": "https://symfony.com/contributors"
                }
            ],
            "description": "Symfony Security Component - Core Library",
            "homepage": "https://symfony.com",
            "time": "2015-06-19 15:19:52"
        },
        {
            "name": "symfony/security-csrf",
            "version": "dev-master",
            "source": {
                "type": "git",
                "url": "https://github.com/symfony/security-csrf.git",
                "reference": "c7e3965b3564396d94d22ffc3937211776706c86"
            },
            "dist": {
                "type": "zip",
                "url": "https://api.github.com/repos/symfony/security-csrf/zipball/c7e3965b3564396d94d22ffc3937211776706c86",
                "reference": "c7e3965b3564396d94d22ffc3937211776706c86",
                "shasum": ""
            },
            "require": {
                "php": ">=5.5.9",
                "symfony/security-core": "~2.8|~3.0"
            },
            "require-dev": {
                "symfony/http-foundation": "~2.8|~3.0",
                "symfony/phpunit-bridge": "~2.8|~3.0"
            },
            "suggest": {
                "symfony/http-foundation": "For using the class SessionTokenStorage."
            },
            "type": "library",
            "extra": {
                "branch-alias": {
                    "dev-master": "3.0-dev"
                }
            },
            "autoload": {
                "psr-4": {
                    "Symfony\\Component\\Security\\Csrf\\": ""
                }
            },
            "notification-url": "https://packagist.org/downloads/",
            "license": [
                "MIT"
            ],
            "authors": [
                {
                    "name": "Fabien Potencier",
                    "email": "fabien@symfony.com"
                },
                {
                    "name": "Symfony Community",
                    "homepage": "https://symfony.com/contributors"
                }
            ],
            "description": "Symfony Security Component - CSRF Library",
            "homepage": "https://symfony.com",
            "time": "2015-05-13 11:38:41"
        },
        {
            "name": "symfony/stopwatch",
            "version": "dev-master",
            "source": {
                "type": "git",
                "url": "https://github.com/symfony/Stopwatch.git",
                "reference": "432f3efeed399ba42f532b86c5ce63eb0fc99a4a"
            },
            "dist": {
                "type": "zip",
                "url": "https://api.github.com/repos/symfony/Stopwatch/zipball/432f3efeed399ba42f532b86c5ce63eb0fc99a4a",
                "reference": "432f3efeed399ba42f532b86c5ce63eb0fc99a4a",
                "shasum": ""
            },
            "require": {
                "php": ">=5.5.9"
            },
            "require-dev": {
                "symfony/phpunit-bridge": "~2.8|~3.0"
            },
            "type": "library",
            "extra": {
                "branch-alias": {
                    "dev-master": "3.0-dev"
                }
            },
            "autoload": {
                "psr-4": {
                    "Symfony\\Component\\Stopwatch\\": ""
                }
            },
            "notification-url": "https://packagist.org/downloads/",
            "license": [
                "MIT"
            ],
            "authors": [
                {
                    "name": "Fabien Potencier",
                    "email": "fabien@symfony.com"
                },
                {
                    "name": "Symfony Community",
                    "homepage": "https://symfony.com/contributors"
                }
            ],
            "description": "Symfony Stopwatch Component",
            "homepage": "https://symfony.com",
            "time": "2015-06-04 20:30:47"
        },
        {
            "name": "symfony/templating",
            "version": "dev-master",
            "source": {
                "type": "git",
                "url": "https://github.com/symfony/Templating.git",
                "reference": "838784e850e8dbbc87dc8a8d632661ef6f3da873"
            },
            "dist": {
                "type": "zip",
                "url": "https://api.github.com/repos/symfony/Templating/zipball/838784e850e8dbbc87dc8a8d632661ef6f3da873",
                "reference": "838784e850e8dbbc87dc8a8d632661ef6f3da873",
                "shasum": ""
            },
            "require": {
                "php": ">=5.5.9"
            },
            "require-dev": {
                "psr/log": "~1.0",
                "symfony/phpunit-bridge": "~2.8|~3.0"
            },
            "suggest": {
                "psr/log": "For using debug logging in loaders"
            },
            "type": "library",
            "extra": {
                "branch-alias": {
                    "dev-master": "3.0-dev"
                }
            },
            "autoload": {
                "psr-4": {
                    "Symfony\\Component\\Templating\\": ""
                }
            },
            "notification-url": "https://packagist.org/downloads/",
            "license": [
                "MIT"
            ],
            "authors": [
                {
                    "name": "Fabien Potencier",
                    "email": "fabien@symfony.com"
                },
                {
                    "name": "Symfony Community",
                    "homepage": "https://symfony.com/contributors"
                }
            ],
            "description": "Symfony Templating Component",
            "homepage": "https://symfony.com",
            "time": "2015-05-12 15:48:43"
        },
        {
            "name": "symfony/translation",
            "version": "dev-master",
            "source": {
                "type": "git",
                "url": "https://github.com/symfony/Translation.git",
                "reference": "1a59c0cb29fee3b1fc3c5d0869bdf3fa8ab58cfd"
            },
            "dist": {
                "type": "zip",
                "url": "https://api.github.com/repos/symfony/Translation/zipball/1a59c0cb29fee3b1fc3c5d0869bdf3fa8ab58cfd",
                "reference": "1a59c0cb29fee3b1fc3c5d0869bdf3fa8ab58cfd",
                "shasum": ""
            },
            "require": {
                "php": ">=5.5.9"
            },
            "conflict": {
                "symfony/config": "<2.8"
            },
            "require-dev": {
                "psr/log": "~1.0",
                "symfony/config": "~2.8|~3.0",
                "symfony/intl": "~2.8|~3.0",
                "symfony/phpunit-bridge": "~2.8|~3.0",
                "symfony/yaml": "~2.8|~3.0"
            },
            "suggest": {
                "psr/log": "To use logging capability in translator",
                "symfony/config": "",
                "symfony/yaml": ""
            },
            "type": "library",
            "extra": {
                "branch-alias": {
                    "dev-master": "3.0-dev"
                }
            },
            "autoload": {
                "psr-4": {
                    "Symfony\\Component\\Translation\\": ""
                }
            },
            "notification-url": "https://packagist.org/downloads/",
            "license": [
                "MIT"
            ],
            "authors": [
                {
                    "name": "Fabien Potencier",
                    "email": "fabien@symfony.com"
                },
                {
                    "name": "Symfony Community",
                    "homepage": "https://symfony.com/contributors"
                }
            ],
            "description": "Symfony Translation Component",
            "homepage": "https://symfony.com",
            "time": "2015-06-19 15:19:52"
        }
    ],
    "aliases": [],
    "minimum-stability": "dev",
    "stability-flags": [],
    "prefer-stable": false,
    "prefer-lowest": false,
    "platform": [],
    "platform-dev": []
}
